// !$*UTF8*$!
{
	archiveVersion = 1;
	classes = {
	};
	objectVersion = 46;
	objects = {

/* Begin PBXBuildFile section */
		EA7BD7DB1D3F633C009C4DA0 /* main.m in Sources */ = {isa = PBXBuildFile; fileRef = EA7BD7DA1D3F633C009C4DA0 /* main.m */; };
		EA7BD7E61D3F633C009C4DA0 /* Assets.xcassets in Resources */ = {isa = PBXBuildFile; fileRef = EA7BD7E51D3F633C009C4DA0 /* Assets.xcassets */; };
		EA7BD7E91D3F633C009C4DA0 /* LaunchScreen.storyboard in Resources */ = {isa = PBXBuildFile; fileRef = EA7BD7E71D3F633C009C4DA0 /* LaunchScreen.storyboard */; };
		EA7BD8051D3F637F009C4DA0 /* HMCeSuNavController.m in Sources */ = {isa = PBXBuildFile; fileRef = EA7BD7F21D3F637F009C4DA0 /* HMCeSuNavController.m */; };
		EA7BD8061D3F637F009C4DA0 /* sesu.storyboard in Resources */ = {isa = PBXBuildFile; fileRef = EA7BD7F31D3F637F009C4DA0 /* sesu.storyboard */; };
		EA7BD8071D3F637F009C4DA0 /* fujin.storyboard in Resources */ = {isa = PBXBuildFile; fileRef = EA7BD7F51D3F637F009C4DA0 /* fujin.storyboard */; };
		EA7BD8081D3F637F009C4DA0 /* HMFuJinNavController.m in Sources */ = {isa = PBXBuildFile; fileRef = EA7BD7F71D3F637F009C4DA0 /* HMFuJinNavController.m */; };
		EA7BD8091D3F637F009C4DA0 /* HMLiShiNavController.m in Sources */ = {isa = PBXBuildFile; fileRef = EA7BD7FA1D3F637F009C4DA0 /* HMLiShiNavController.m */; };
		EA7BD80A1D3F637F009C4DA0 /* lishi.storyboard in Resources */ = {isa = PBXBuildFile; fileRef = EA7BD7FB1D3F637F009C4DA0 /* lishi.storyboard */; };
		EA7BD80B1D3F637F009C4DA0 /* HMBaseNavController.m in Sources */ = {isa = PBXBuildFile; fileRef = EA7BD7FE1D3F637F009C4DA0 /* HMBaseNavController.m */; };
		EA7BD80C1D3F637F009C4DA0 /* HMTabBarController.m in Sources */ = {isa = PBXBuildFile; fileRef = EA7BD8001D3F637F009C4DA0 /* HMTabBarController.m */; };
		EA7BD80D1D3F637F009C4DA0 /* HMWoDeNavController.m in Sources */ = {isa = PBXBuildFile; fileRef = EA7BD8031D3F637F009C4DA0 /* HMWoDeNavController.m */; };
		EA7BD80E1D3F637F009C4DA0 /* wode.storyboard in Resources */ = {isa = PBXBuildFile; fileRef = EA7BD8041D3F637F009C4DA0 /* wode.storyboard */; };
		EA7BD8151D3F63FC009C4DA0 /* AppDelegate.m in Sources */ = {isa = PBXBuildFile; fileRef = EA7BD8141D3F63FC009C4DA0 /* AppDelegate.m */; };
/* End PBXBuildFile section */

/* Begin PBXFileReference section */
		EA7BD7D61D3F633C009C4DA0 /* DemoForWifi.app */ = {isa = PBXFileReference; explicitFileType = wrapper.application; includeInIndex = 0; path = DemoForWifi.app; sourceTree = BUILT_PRODUCTS_DIR; };
		EA7BD7DA1D3F633C009C4DA0 /* main.m */ = {isa = PBXFileReference; lastKnownFileType = sourcecode.c.objc; path = main.m; sourceTree = "<group>"; };
		EA7BD7E51D3F633C009C4DA0 /* Assets.xcassets */ = {isa = PBXFileReference; lastKnownFileType = folder.assetcatalog; path = Assets.xcassets; sourceTree = "<group>"; };
		EA7BD7E81D3F633C009C4DA0 /* Base */ = {isa = PBXFileReference; lastKnownFileType = file.storyboard; name = Base; path = Base.lproj/LaunchScreen.storyboard; sourceTree = "<group>"; };
		EA7BD7EA1D3F633C009C4DA0 /* Info.plist */ = {isa = PBXFileReference; lastKnownFileType = text.plist.xml; path = Info.plist; sourceTree = "<group>"; };
		EA7BD7F11D3F637F009C4DA0 /* HMCeSuNavController.h */ = {isa = PBXFileReference; fileEncoding = 4; lastKnownFileType = sourcecode.c.h; path = HMCeSuNavController.h; sourceTree = "<group>"; };
		EA7BD7F21D3F637F009C4DA0 /* HMCeSuNavController.m */ = {isa = PBXFileReference; fileEncoding = 4; lastKnownFileType = sourcecode.c.objc; path = HMCeSuNavController.m; sourceTree = "<group>"; };
		EA7BD7F31D3F637F009C4DA0 /* sesu.storyboard */ = {isa = PBXFileReference; fileEncoding = 4; lastKnownFileType = file.storyboard; path = sesu.storyboard; sourceTree = "<group>"; };
		EA7BD7F51D3F637F009C4DA0 /* fujin.storyboard */ = {isa = PBXFileReference; fileEncoding = 4; lastKnownFileType = file.storyboard; path = fujin.storyboard; sourceTree = "<group>"; };
		EA7BD7F61D3F637F009C4DA0 /* HMFuJinNavController.h */ = {isa = PBXFileReference; fileEncoding = 4; lastKnownFileType = sourcecode.c.h; path = HMFuJinNavController.h; sourceTree = "<group>"; };
		EA7BD7F71D3F637F009C4DA0 /* HMFuJinNavController.m */ = {isa = PBXFileReference; fileEncoding = 4; lastKnownFileType = sourcecode.c.objc; path = HMFuJinNavController.m; sourceTree = "<group>"; };
		EA7BD7F91D3F637F009C4DA0 /* HMLiShiNavController.h */ = {isa = PBXFileReference; fileEncoding = 4; lastKnownFileType = sourcecode.c.h; path = HMLiShiNavController.h; sourceTree = "<group>"; };
		EA7BD7FA1D3F637F009C4DA0 /* HMLiShiNavController.m */ = {isa = PBXFileReference; fileEncoding = 4; lastKnownFileType = sourcecode.c.objc; path = HMLiShiNavController.m; sourceTree = "<group>"; };
		EA7BD7FB1D3F637F009C4DA0 /* lishi.storyboard */ = {isa = PBXFileReference; fileEncoding = 4; lastKnownFileType = file.storyboard; path = lishi.storyboard; sourceTree = "<group>"; };
		EA7BD7FD1D3F637F009C4DA0 /* HMBaseNavController.h */ = {isa = PBXFileReference; fileEncoding = 4; lastKnownFileType = sourcecode.c.h; path = HMBaseNavController.h; sourceTree = "<group>"; };
		EA7BD7FE1D3F637F009C4DA0 /* HMBaseNavController.m */ = {isa = PBXFileReference; fileEncoding = 4; lastKnownFileType = sourcecode.c.objc; path = HMBaseNavController.m; sourceTree = "<group>"; };
		EA7BD7FF1D3F637F009C4DA0 /* HMTabBarController.h */ = {isa = PBXFileReference; fileEncoding = 4; lastKnownFileType = sourcecode.c.h; path = HMTabBarController.h; sourceTree = "<group>"; };
		EA7BD8001D3F637F009C4DA0 /* HMTabBarController.m */ = {isa = PBXFileReference; fileEncoding = 4; lastKnownFileType = sourcecode.c.objc; path = HMTabBarController.m; sourceTree = "<group>"; };
		EA7BD8021D3F637F009C4DA0 /* HMWoDeNavController.h */ = {isa = PBXFileReference; fileEncoding = 4; lastKnownFileType = sourcecode.c.h; path = HMWoDeNavController.h; sourceTree = "<group>"; };
		EA7BD8031D3F637F009C4DA0 /* HMWoDeNavController.m */ = {isa = PBXFileReference; fileEncoding = 4; lastKnownFileType = sourcecode.c.objc; path = HMWoDeNavController.m; sourceTree = "<group>"; };
		EA7BD8041D3F637F009C4DA0 /* wode.storyboard */ = {isa = PBXFileReference; fileEncoding = 4; lastKnownFileType = file.storyboard; path = wode.storyboard; sourceTree = "<group>"; };
		EA7BD8131D3F63FC009C4DA0 /* AppDelegate.h */ = {isa = PBXFileReference; fileEncoding = 4; lastKnownFileType = sourcecode.c.h; path = AppDelegate.h; sourceTree = "<group>"; };
		EA7BD8141D3F63FC009C4DA0 /* AppDelegate.m */ = {isa = PBXFileReference; fileEncoding = 4; lastKnownFileType = sourcecode.c.objc; path = AppDelegate.m; sourceTree = "<group>"; };
/* End PBXFileReference section */

/* Begin PBXFrameworksBuildPhase section */
		EA7BD7D31D3F633C009C4DA0 /* Frameworks */ = {
			isa = PBXFrameworksBuildPhase;
			buildActionMask = 2147483647;
			files = (
			);
			runOnlyForDeploymentPostprocessing = 0;
		};
/* End PBXFrameworksBuildPhase section */

/* Begin PBXGroup section */
		EA7BD7CD1D3F633C009C4DA0 = {
			isa = PBXGroup;
			children = (
				EA7BD7D81D3F633C009C4DA0 /* DemoForWifi */,
				EA7BD7D71D3F633C009C4DA0 /* Products */,
			);
			sourceTree = "<group>";
		};
		EA7BD7D71D3F633C009C4DA0 /* Products */ = {
			isa = PBXGroup;
			children = (
				EA7BD7D61D3F633C009C4DA0 /* DemoForWifi.app */,
			);
			name = Products;
			sourceTree = "<group>";
		};
		EA7BD7D81D3F633C009C4DA0 /* DemoForWifi */ = {
			isa = PBXGroup;
			children = (
				EA7BD80F1D3F63A3009C4DA0 /* Others */,
				EA7BD7F01D3F637F009C4DA0 /* cesu */,
				EA7BD7F41D3F637F009C4DA0 /* fujin */,
				EA7BD7F81D3F637F009C4DA0 /* lishi */,
				EA7BD7FC1D3F637F009C4DA0 /* main */,
				EA7BD8011D3F637F009C4DA0 /* wode */,
				EA7BD7D91D3F633C009C4DA0 /* Supporting Files */,
			);
			path = DemoForWifi;
			sourceTree = "<group>";
		};
		EA7BD7D91D3F633C009C4DA0 /* Supporting Files */ = {
			isa = PBXGroup;
			children = (
				EA7BD7E51D3F633C009C4DA0 /* Assets.xcassets */,
				EA7BD7E71D3F633C009C4DA0 /* LaunchScreen.storyboard */,
				EA7BD7EA1D3F633C009C4DA0 /* Info.plist */,
				EA7BD7DA1D3F633C009C4DA0 /* main.m */,
			);
			name = "Supporting Files";
			sourceTree = "<group>";
		};
		EA7BD7F01D3F637F009C4DA0 /* cesu */ = {
			isa = PBXGroup;
			children = (
				EA7BD7F11D3F637F009C4DA0 /* HMCeSuNavController.h */,
				EA7BD7F21D3F637F009C4DA0 /* HMCeSuNavController.m */,
				EA7BD7F31D3F637F009C4DA0 /* sesu.storyboard */,
			);
			path = cesu;
			sourceTree = "<group>";
		};
		EA7BD7F41D3F637F009C4DA0 /* fujin */ = {
			isa = PBXGroup;
			children = (
				EA7BD7F51D3F637F009C4DA0 /* fujin.storyboard */,
				EA7BD7F61D3F637F009C4DA0 /* HMFuJinNavController.h */,
				EA7BD7F71D3F637F009C4DA0 /* HMFuJinNavController.m */,
			);
			path = fujin;
			sourceTree = "<group>";
		};
		EA7BD7F81D3F637F009C4DA0 /* lishi */ = {
			isa = PBXGroup;
			children = (
				EA7BD7F91D3F637F009C4DA0 /* HMLiShiNavController.h */,
				EA7BD7FA1D3F637F009C4DA0 /* HMLiShiNavController.m */,
				EA7BD7FB1D3F637F009C4DA0 /* lishi.storyboard */,
			);
			path = lishi;
			sourceTree = "<group>";
		};
		EA7BD7FC1D3F637F009C4DA0 /* main */ = {
			isa = PBXGroup;
			children = (
				EA7BD7FD1D3F637F009C4DA0 /* HMBaseNavController.h */,
				EA7BD7FE1D3F637F009C4DA0 /* HMBaseNavController.m */,
				EA7BD7FF1D3F637F009C4DA0 /* HMTabBarController.h */,
				EA7BD8001D3F637F009C4DA0 /* HMTabBarController.m */,
			);
			path = main;
			sourceTree = "<group>";
		};
		EA7BD8011D3F637F009C4DA0 /* wode */ = {
			isa = PBXGroup;
			children = (
				EA7BD8021D3F637F009C4DA0 /* HMWoDeNavController.h */,
				EA7BD8031D3F637F009C4DA0 /* HMWoDeNavController.m */,
				EA7BD8041D3F637F009C4DA0 /* wode.storyboard */,
			);
			path = wode;
			sourceTree = "<group>";
		};
		EA7BD80F1D3F63A3009C4DA0 /* Others */ = {
			isa = PBXGroup;
			children = (
				EA7BD8131D3F63FC009C4DA0 /* AppDelegate.h */,
				EA7BD8141D3F63FC009C4DA0 /* AppDelegate.m */,
			);
			path = Others;
			sourceTree = "<group>";
		};
/* End PBXGroup section */

/* Begin PBXNativeTarget section */
		EA7BD7D51D3F633C009C4DA0 /* DemoForWifi */ = {
			isa = PBXNativeTarget;
			buildConfigurationList = EA7BD7ED1D3F633C009C4DA0 /* Build configuration list for PBXNativeTarget "DemoForWifi" */;
			buildPhases = (
				EA7BD7D21D3F633C009C4DA0 /* Sources */,
				EA7BD7D31D3F633C009C4DA0 /* Frameworks */,
				EA7BD7D41D3F633C009C4DA0 /* Resources */,
			);
			buildRules = (
			);
			dependencies = (
			);
			name = DemoForWifi;
			productName = DemoForWifi;
			productReference = EA7BD7D61D3F633C009C4DA0 /* DemoForWifi.app */;
			productType = "com.apple.product-type.application";
		};
/* End PBXNativeTarget section */

/* Begin PBXProject section */
		EA7BD7CE1D3F633C009C4DA0 /* Project object */ = {
			isa = PBXProject;
			attributes = {
				CLASSPREFIX = HM;
				LastUpgradeCheck = 0730;
				ORGANIZATIONNAME = heima;
				TargetAttributes = {
					EA7BD7D51D3F633C009C4DA0 = {
						CreatedOnToolsVersion = 7.3.1;
					};
				};
			};
			buildConfigurationList = EA7BD7D11D3F633C009C4DA0 /* Build configuration list for PBXProject "DemoForWifi" */;
			compatibilityVersion = "Xcode 3.2";
			developmentRegion = English;
			hasScannedForEncodings = 0;
			knownRegions = (
				en,
				Base,
			);
			mainGroup = EA7BD7CD1D3F633C009C4DA0;
			productRefGroup = EA7BD7D71D3F633C009C4DA0 /* Products */;
			projectDirPath = "";
			projectRoot = "";
			targets = (
				EA7BD7D51D3F633C009C4DA0 /* DemoForWifi */,
			);
		};
/* End PBXProject section */

/* Begin PBXResourcesBuildPhase section */
		EA7BD7D41D3F633C009C4DA0 /* Resources */ = {
			isa = PBXResourcesBuildPhase;
			buildActionMask = 2147483647;
			files = (
				EA7BD7E91D3F633C009C4DA0 /* LaunchScreen.storyboard in Resources */,
				EA7BD7E61D3F633C009C4DA0 /* Assets.xcassets in Resources */,
				EA7BD80E1D3F637F009C4DA0 /* wode.storyboard in Resources */,
				EA7BD80A1D3F637F009C4DA0 /* lishi.storyboard in Resources */,
				EA7BD8071D3F637F009C4DA0 /* fujin.storyboard in Resources */,
				EA7BD8061D3F637F009C4DA0 /* sesu.storyboard in Resources */,
			);
			runOnlyForDeploymentPostprocessing = 0;
		};
/* End PBXResourcesBuildPhase section */

/* Begin PBXSourcesBuildPhase section */
		EA7BD7D21D3F633C009C4DA0 /* Sources */ = {
			isa = PBXSourcesBuildPhase;
			buildActionMask = 2147483647;
			files = (
				EA7BD8051D3F637F009C4DA0 /* HMCeSuNavController.m in Sources */,
				EA7BD7DB1D3F633C009C4DA0 /* main.m in Sources */,
				EA7BD80C1D3F637F009C4DA0 /* HMTabBarController.m in Sources */,
				EA7BD80D1D3F637F009C4DA0 /* HMWoDeNavController.m in Sources */,
				EA7BD8151D3F63FC009C4DA0 /* AppDelegate.m in Sources */,
				EA7BD8091D3F637F009C4DA0 /* HMLiShiNavController.m in Sources */,
				EA7BD80B1D3F637F009C4DA0 /* HMBaseNavController.m in Sources */,
				EA7BD8081D3F637F009C4DA0 /* HMFuJinNavController.m in Sources */,
			);
			runOnlyForDeploymentPostprocessing = 0;
		};
/* End PBXSourcesBuildPhase section */

/* Begin PBXVariantGroup section */
		EA7BD7E71D3F633C009C4DA0 /* LaunchScreen.storyboard */ = {
			isa = PBXVariantGroup;
			children = (
				EA7BD7E81D3F633C009C4DA0 /* Base */,
			);
			name = LaunchScreen.storyboard;
			sourceTree = "<group>";
		};
/* End PBXVariantGroup section */

/* Begin XCBuildConfiguration section */
		EA7BD7EB1D3F633C009C4DA0 /* Debug */ = {
			isa = XCBuildConfiguration;
			buildSettings = {
				ALWAYS_SEARCH_USER_PATHS = NO;
				CLANG_ANALYZER_NONNULL = YES;
				CLANG_CXX_LANGUAGE_STANDARD = "gnu++0x";
				CLANG_CXX_LIBRARY = "libc++";
				CLANG_ENABLE_MODULES = YES;
				CLANG_ENABLE_OBJC_ARC = YES;
				CLANG_WARN_BOOL_CONVERSION = YES;
				CLANG_WARN_CONSTANT_CONVERSION = YES;
				CLANG_WARN_DIRECT_OBJC_ISA_USAGE = YES_ERROR;
				CLANG_WARN_EMPTY_BODY = YES;
				CLANG_WARN_ENUM_CONVERSION = YES;
				CLANG_WARN_INT_CONVERSION = YES;
				CLANG_WARN_OBJC_ROOT_CLASS = YES_ERROR;
				CLANG_WARN_UNREACHABLE_CODE = YES;
				CLANG_WARN__DUPLICATE_METHOD_MATCH = YES;
				"CODE_SIGN_IDENTITY[sdk=iphoneos*]" = "iPhone Developer";
				COPY_PHASE_STRIP = NO;
				DEBUG_INFORMATION_FORMAT = dwarf;
				ENABLE_STRICT_OBJC_MSGSEND = YES;
				ENABLE_TESTABILITY = YES;
				GCC_C_LANGUAGE_STANDARD = gnu99;
				GCC_DYNAMIC_NO_PIC = NO;
				GCC_NO_COMMON_BLOCKS = YES;
				GCC_OPTIMIZATION_LEVEL = 0;
				GCC_PREPROCESSOR_DEFINITIONS = (
					"DEBUG=1",
					"$(inherited)",
				);
				GCC_WARN_64_TO_32_BIT_CONVERSION = YES;
				GCC_WARN_ABOUT_RETURN_TYPE = YES_ERROR;
				GCC_WARN_UNDECLARED_SELECTOR = YES;
				GCC_WARN_UNINITIALIZED_AUTOS = YES_AGGRESSIVE;
				GCC_WARN_UNUSED_FUNCTION = YES;
				GCC_WARN_UNUSED_VARIABLE = YES;
				IPHONEOS_DEPLOYMENT_TARGET = 9.3;
				MTL_ENABLE_DEBUG_INFO = YES;
				ONLY_ACTIVE_ARCH = YES;
				SDKROOT = iphoneos;
				TARGETED_DEVICE_FAMILY = "1,2";
			};
			name = Debug;
		};
		EA7BD7EC1D3F633C009C4DA0 /* Release */ = {
			isa = XCBuildConfiguration;
			buildSettings = {
				ALWAYS_SEARCH_USER_PATHS = NO;
				CLANG_ANALYZER_NONNULL = YES;
				CLANG_CXX_LANGUAGE_STANDARD = "gnu++0x";
				CLANG_CXX_LIBRARY = "libc++";
				CLANG_ENABLE_MODULES = YES;
				CLANG_ENABLE_OBJC_ARC = YES;
				CLANG_WARN_BOOL_CONVERSION = YES;
				CLANG_WARN_CONSTANT_CONVERSION = YES;
				CLANG_WARN_DIRECT_OBJC_ISA_USAGE = YES_ERROR;
				CLANG_WARN_EMPTY_BODY = YES;
				CLANG_WARN_ENUM_CONVERSION = YES;
				CLANG_WARN_INT_CONVERSION = YES;
				CLANG_WARN_OBJC_ROOT_CLASS = YES_ERROR;
				CLANG_WARN_UNREACHABLE_CODE = YES;
				CLANG_WARN__DUPLICATE_METHOD_MATCH = YES;
				"CODE_SIGN_IDENTITY[sdk=iphoneos*]" = "iPhone Developer";
				COPY_PHASE_STRIP = NO;
				DEBUG_INFORMATION_FORMAT = "dwarf-with-dsym";
				ENABLE_NS_ASSERTIONS = NO;
				ENABLE_STRICT_OBJC_MSGSEND = YES;
				GCC_C_LANGUAGE_STANDARD = gnu99;
				GCC_NO_COMMON_BLOCKS = YES;
				GCC_WARN_64_TO_32_BIT_CONVERSION = YES;
				GCC_WARN_ABOUT_RETURN_TYPE = YES_ERROR;
				GCC_WARN_UNDECLARED_SELECTOR = YES;
				GCC_WARN_UNINITIALIZED_AUTOS = YES_AGGRESSIVE;
				GCC_WARN_UNUSED_FUNCTION = YES;
				GCC_WARN_UNUSED_VARIABLE = YES;
				IPHONEOS_DEPLOYMENT_TARGET = 9.3;
				MTL_ENABLE_DEBUG_INFO = NO;
				SDKROOT = iphoneos;
				TARGETED_DEVICE_FAMILY = "1,2";
				VALIDATE_PRODUCT = YES;
			};
			name = Release;
		};
		EA7BD7EE1D3F633C009C4DA0 /* Debug */ = {
			isa = XCBuildConfiguration;
			buildSettings = {
				ASSETCATALOG_COMPILER_APPICON_NAME = AppIcon;
				INFOPLIST_FILE = DemoForWifi/Info.plist;
				LD_RUNPATH_SEARCH_PATHS = "$(inherited) @executable_path/Frameworks";
				PRODUCT_BUNDLE_IDENTIFIER = com.heima.ios.DemoForWifi;
				PRODUCT_NAME = "$(TARGET_NAME)";
			};
			name = Debug;
		};
		EA7BD7EF1D3F633C009C4DA0 /* Release */ = {
			isa = XCBuildConfiguration;
			buildSettings = {
				ASSETCATALOG_COMPILER_APPICON_NAME = AppIcon;
				INFOPLIST_FILE = DemoForWifi/Info.plist;
				LD_RUNPATH_SEARCH_PATHS = "$(inherited) @executable_path/Frameworks";
				PRODUCT_BUNDLE_IDENTIFIER = com.heima.ios.DemoForWifi;
				PRODUCT_NAME = "$(TARGET_NAME)";
			};
			name = Release;
		};
/* End XCBuildConfiguration section */

/* Begin XCConfigurationList section */
		EA7BD7D11D3F633C009C4DA0 /* Build configuration list for PBXProject "DemoForWifi" */ = {
			isa = XCConfigurationList;
			buildConfigurations = (
				EA7BD7EB1D3F633C009C4DA0 /* Debug */,
				EA7BD7EC1D3F633C009C4DA0 /* Release */,
			);
			defaultConfigurationIsVisible = 0;
			defaultConfigurationName = Release;
		};
		EA7BD7ED1D3F633C009C4DA0 /* Build configuration list for PBXNativeTarget "DemoForWifi" */ = {
			isa = XCConfigurationList;
			buildConfigurations = (
				EA7BD7EE1D3F633C009C4DA0 /* Debug */,
				EA7BD7EF1D3F633C009C4DA0 /* Release */,
			);
			defaultConfigurationIsVisible = 0;
		};
/* End XCConfigurationList section */
	};
	rootObject = EA7BD7CE1D3F633C009C4DA0 /* Project object */;
}
